
Microsoft Visual Studio Solution File, Format Version 12.00
# Visual Studio 15
VisualStudioVersion = 15.0.28010.2050
MinimumVisualStudioVersion = 10.0.40219.1
Project("{FAE04EC0-301F-11D3-BF4B-00C04F79EFBC}") = "Module 17", "Module 17\Module 17.csproj", "{81904792-11DB-46F6-BE49-7FE513D684FB}"
EndProject
Global
	GlobalSection(SolutionConfigurationPlatforms) = preSolution
		Debug|Any CPU = Debug|Any CPU
		Release|Any CPU = Release|Any CPU
	EndGlobalSection
	GlobalSection(ProjectConfigurationPlatforms) = postSolution
		{81904792-11DB-46F6-BE49-7FE513D684FB}.Debug|Any CPU.ActiveCfg = Debug|Any CPU
		{81904792-11DB-46F6-BE49-7FE513D684FB}.Debug|Any CPU.Build.0 = Debug|Any CPU
		{81904792-11DB-46F6-BE49-7FE513D684FB}.Release|Any CPU.ActiveCfg = Release|Any CPU
		{81904792-11DB-46F6-BE49-7FE513D684FB}.Release|Any CPU.Build.0 = Release|Any CPU
	EndGlobalSection
	GlobalSection(SolutionProperties) = preSolution
		HideSolutionNode = FALSE
	EndGlobalSection
	GlobalSection(ExtensibilityGlobals) = postSolution
		SolutionGuid = {AB3A644C-5305-459C-B00F-4027792C67AB}
	EndGlobalSection
EndGlobal
