
Microsoft Visual Studio Solution File, Format Version 12.00
# Visual Studio 15
VisualStudioVersion = 15.0.28010.2050
MinimumVisualStudioVersion = 10.0.40219.1
Project("{FAE04EC0-301F-11D3-BF4B-00C04F79EFBC}") = "LinqAll", "LinqAll\LinqAll.csproj", "{8CBAC506-F07C-46EB-AFCC-2045E11CB03A}"
EndProject
Global
	GlobalSection(SolutionConfigurationPlatforms) = preSolution
		Debug|Any CPU = Debug|Any CPU
		Release|Any CPU = Release|Any CPU
	EndGlobalSection
	GlobalSection(ProjectConfigurationPlatforms) = postSolution
		{8CBAC506-F07C-46EB-AFCC-2045E11CB03A}.Debug|Any CPU.ActiveCfg = Debug|Any CPU
		{8CBAC506-F07C-46EB-AFCC-2045E11CB03A}.Debug|Any CPU.Build.0 = Debug|Any CPU
		{8CBAC506-F07C-46EB-AFCC-2045E11CB03A}.Release|Any CPU.ActiveCfg = Release|Any CPU
		{8CBAC506-F07C-46EB-AFCC-2045E11CB03A}.Release|Any CPU.Build.0 = Release|Any CPU
	EndGlobalSection
	GlobalSection(SolutionProperties) = preSolution
		HideSolutionNode = FALSE
	EndGlobalSection
	GlobalSection(ExtensibilityGlobals) = postSolution
		SolutionGuid = {0F33E8EE-D353-4FEE-B46F-DD59552D3BC6}
	EndGlobalSection
EndGlobal
