
Microsoft Visual Studio Solution File, Format Version 12.00
# Visual Studio 14
VisualStudioVersion = 14.0.25420.1
MinimumVisualStudioVersion = 10.0.40219.1
Project("{FAE04EC0-301F-11D3-BF4B-00C04F79EFBC}") = "Module 7", "Module 7\Module 7.csproj", "{1D9E85C8-2488-4323-B996-9D7B2C9A80EE}"
EndProject
Project("{FAE04EC0-301F-11D3-BF4B-00C04F79EFBC}") = "Module Task2", "Module Task2\Module Task2.csproj", "{31C4A354-535A-4520-BD34-DECF38BA5142}"
EndProject
Project("{FAE04EC0-301F-11D3-BF4B-00C04F79EFBC}") = "TestForModule7", "TestForModule7\TestForModule7.csproj", "{D5FD801A-67A3-4C77-BD92-8742DDF05AB5}"
EndProject
Global
	GlobalSection(SolutionConfigurationPlatforms) = preSolution
		Debug|Any CPU = Debug|Any CPU
		Release|Any CPU = Release|Any CPU
	EndGlobalSection
	GlobalSection(ProjectConfigurationPlatforms) = postSolution
		{1D9E85C8-2488-4323-B996-9D7B2C9A80EE}.Debug|Any CPU.ActiveCfg = Debug|Any CPU
		{1D9E85C8-2488-4323-B996-9D7B2C9A80EE}.Debug|Any CPU.Build.0 = Debug|Any CPU
		{1D9E85C8-2488-4323-B996-9D7B2C9A80EE}.Release|Any CPU.ActiveCfg = Release|Any CPU
		{1D9E85C8-2488-4323-B996-9D7B2C9A80EE}.Release|Any CPU.Build.0 = Release|Any CPU
		{31C4A354-535A-4520-BD34-DECF38BA5142}.Debug|Any CPU.ActiveCfg = Debug|Any CPU
		{31C4A354-535A-4520-BD34-DECF38BA5142}.Debug|Any CPU.Build.0 = Debug|Any CPU
		{31C4A354-535A-4520-BD34-DECF38BA5142}.Release|Any CPU.ActiveCfg = Release|Any CPU
		{31C4A354-535A-4520-BD34-DECF38BA5142}.Release|Any CPU.Build.0 = Release|Any CPU
		{D5FD801A-67A3-4C77-BD92-8742DDF05AB5}.Debug|Any CPU.ActiveCfg = Debug|Any CPU
		{D5FD801A-67A3-4C77-BD92-8742DDF05AB5}.Debug|Any CPU.Build.0 = Debug|Any CPU
		{D5FD801A-67A3-4C77-BD92-8742DDF05AB5}.Release|Any CPU.ActiveCfg = Release|Any CPU
		{D5FD801A-67A3-4C77-BD92-8742DDF05AB5}.Release|Any CPU.Build.0 = Release|Any CPU
	EndGlobalSection
	GlobalSection(SolutionProperties) = preSolution
		HideSolutionNode = FALSE
	EndGlobalSection
	GlobalSection(ExtensibilityGlobals) = postSolution
		SolutionGuid = {C8C3A6DE-26B9-4676-BF21-5491CE091105}
	EndGlobalSection
EndGlobal
