
Microsoft Visual Studio Solution File, Format Version 12.00
# Visual Studio 15
VisualStudioVersion = 15.0.28010.2050
MinimumVisualStudioVersion = 10.0.40219.1
Project("{FAE04EC0-301F-11D3-BF4B-00C04F79EFBC}") = "Module 6", "Module 6\Module 6.csproj", "{9105B3CD-0E0E-4DD4-BC6F-114C6CB64062}"
EndProject
Project("{FAE04EC0-301F-11D3-BF4B-00C04F79EFBC}") = "UnitTestForModule6", "UnitTestForModule6\UnitTestForModule6.csproj", "{C08AE313-A01E-413B-B045-C831BC9BB4C0}"
EndProject
Project("{FAE04EC0-301F-11D3-BF4B-00C04F79EFBC}") = "Module 6 task 3", "Module 6 task 3\Module 6 task 3.csproj", "{AED5A653-01B4-40E3-A645-8131780DD827}"
EndProject
Global
	GlobalSection(SolutionConfigurationPlatforms) = preSolution
		Debug|Any CPU = Debug|Any CPU
		Release|Any CPU = Release|Any CPU
	EndGlobalSection
	GlobalSection(ProjectConfigurationPlatforms) = postSolution
		{9105B3CD-0E0E-4DD4-BC6F-114C6CB64062}.Debug|Any CPU.ActiveCfg = Debug|Any CPU
		{9105B3CD-0E0E-4DD4-BC6F-114C6CB64062}.Debug|Any CPU.Build.0 = Debug|Any CPU
		{9105B3CD-0E0E-4DD4-BC6F-114C6CB64062}.Release|Any CPU.ActiveCfg = Release|Any CPU
		{9105B3CD-0E0E-4DD4-BC6F-114C6CB64062}.Release|Any CPU.Build.0 = Release|Any CPU
		{C08AE313-A01E-413B-B045-C831BC9BB4C0}.Debug|Any CPU.ActiveCfg = Debug|Any CPU
		{C08AE313-A01E-413B-B045-C831BC9BB4C0}.Debug|Any CPU.Build.0 = Debug|Any CPU
		{C08AE313-A01E-413B-B045-C831BC9BB4C0}.Release|Any CPU.ActiveCfg = Release|Any CPU
		{C08AE313-A01E-413B-B045-C831BC9BB4C0}.Release|Any CPU.Build.0 = Release|Any CPU
		{AED5A653-01B4-40E3-A645-8131780DD827}.Debug|Any CPU.ActiveCfg = Debug|Any CPU
		{AED5A653-01B4-40E3-A645-8131780DD827}.Debug|Any CPU.Build.0 = Debug|Any CPU
		{AED5A653-01B4-40E3-A645-8131780DD827}.Release|Any CPU.ActiveCfg = Release|Any CPU
		{AED5A653-01B4-40E3-A645-8131780DD827}.Release|Any CPU.Build.0 = Release|Any CPU
	EndGlobalSection
	GlobalSection(SolutionProperties) = preSolution
		HideSolutionNode = FALSE
	EndGlobalSection
	GlobalSection(ExtensibilityGlobals) = postSolution
		SolutionGuid = {C79026B4-4958-4A34-B20C-5E9DF53A9DC4}
	EndGlobalSection
EndGlobal
